
Microsoft Visual Studio Solution File, Format Version 12.00
# Visual Studio 2013
VisualStudioVersion = 12.0.20617.1 PREVIEW
MinimumVisualStudioVersion = 10.0.40219.1
Project("{FAE04EC0-301F-11D3-BF4B-00C04F79EFBC}") = "SelfMailer", "SelfMailer\SelfMailer.csproj", "{0D2804EC-CBE7-4538-A6FA-A9B0D09AB40E}"
EndProject
Project("{FAE04EC0-301F-11D3-BF4B-00C04F79EFBC}") = "OperatorOverloading", "OperatorOverloading\OperatorOverloading.csproj", "{BE98E678-1325-4247-9197-C5A557790605}"
EndProject
Project("{FAE04EC0-301F-11D3-BF4B-00C04F79EFBC}") = "IntroductionW8", "IntroductionW8\IntroductionW8.csproj", "{F60C7393-16E0-44CF-B2DC-2E2275A2B34F}"
EndProject
Project("{FAE04EC0-301F-11D3-BF4B-00C04F79EFBC}") = "UnitTest", "UnitTest\UnitTest.csproj", "{3D801D28-E945-423D-A1EF-9ED7E0C119D6}"
EndProject
Project("{FAE04EC0-301F-11D3-BF4B-00C04F79EFBC}") = "RegularExpressions", "RegularExpressions\RegularExpressions.csproj", "{D12AE3FA-1A29-4432-B919-C030C1A9B5CD}"
EndProject
Project("{FAE04EC0-301F-11D3-BF4B-00C04F79EFBC}") = "MultiThreading", "MultiThreading\MultiThreading.csproj", "{C979EDBF-CB59-4B8D-8D7A-A5A03849C332}"
EndProject
Project("{FAE04EC0-301F-11D3-BF4B-00C04F79EFBC}") = "RemotingLibrary", "RemotingLibrary\RemotingLibrary.csproj", "{EFEB31AA-8774-42C5-8303-C2DA3EE8E9DC}"
EndProject
Project("{FAE04EC0-301F-11D3-BF4B-00C04F79EFBC}") = "RemotingServer", "RemotingServer\RemotingServer.csproj", "{8CF3D033-591F-4CC4-A005-6E62188E609C}"
EndProject
Project("{FAE04EC0-301F-11D3-BF4B-00C04F79EFBC}") = "RemotingClient", "RemotingClient\RemotingClient.csproj", "{88700523-984B-4F38-9B7B-F13DC8060DCE}"
EndProject
Project("{FAE04EC0-301F-11D3-BF4B-00C04F79EFBC}") = "Reflection", "Reflection\Reflection.csproj", "{6FEDC3A5-D0FA-4659-AB1D-A0FB58561152}"
EndProject
Global
	GlobalSection(SolutionConfigurationPlatforms) = preSolution
		Debug|Any CPU = Debug|Any CPU
		Debug|ARM = Debug|ARM
		Debug|x64 = Debug|x64
		Debug|x86 = Debug|x86
		Release|Any CPU = Release|Any CPU
		Release|ARM = Release|ARM
		Release|x64 = Release|x64
		Release|x86 = Release|x86
	EndGlobalSection
	GlobalSection(ProjectConfigurationPlatforms) = postSolution
		{0D2804EC-CBE7-4538-A6FA-A9B0D09AB40E}.Debug|Any CPU.ActiveCfg = Debug|Any CPU
		{0D2804EC-CBE7-4538-A6FA-A9B0D09AB40E}.Debug|Any CPU.Build.0 = Debug|Any CPU
		{0D2804EC-CBE7-4538-A6FA-A9B0D09AB40E}.Debug|ARM.ActiveCfg = Debug|Any CPU
		{0D2804EC-CBE7-4538-A6FA-A9B0D09AB40E}.Debug|x64.ActiveCfg = Debug|Any CPU
		{0D2804EC-CBE7-4538-A6FA-A9B0D09AB40E}.Debug|x86.ActiveCfg = Debug|Any CPU
		{0D2804EC-CBE7-4538-A6FA-A9B0D09AB40E}.Release|Any CPU.ActiveCfg = Release|Any CPU
		{0D2804EC-CBE7-4538-A6FA-A9B0D09AB40E}.Release|Any CPU.Build.0 = Release|Any CPU
		{0D2804EC-CBE7-4538-A6FA-A9B0D09AB40E}.Release|ARM.ActiveCfg = Release|Any CPU
		{0D2804EC-CBE7-4538-A6FA-A9B0D09AB40E}.Release|x64.ActiveCfg = Release|Any CPU
		{0D2804EC-CBE7-4538-A6FA-A9B0D09AB40E}.Release|x86.ActiveCfg = Release|Any CPU
		{BE98E678-1325-4247-9197-C5A557790605}.Debug|Any CPU.ActiveCfg = Debug|Any CPU
		{BE98E678-1325-4247-9197-C5A557790605}.Debug|Any CPU.Build.0 = Debug|Any CPU
		{BE98E678-1325-4247-9197-C5A557790605}.Debug|ARM.ActiveCfg = Debug|Any CPU
		{BE98E678-1325-4247-9197-C5A557790605}.Debug|x64.ActiveCfg = Debug|Any CPU
		{BE98E678-1325-4247-9197-C5A557790605}.Debug|x86.ActiveCfg = Debug|Any CPU
		{BE98E678-1325-4247-9197-C5A557790605}.Release|Any CPU.ActiveCfg = Release|Any CPU
		{BE98E678-1325-4247-9197-C5A557790605}.Release|Any CPU.Build.0 = Release|Any CPU
		{BE98E678-1325-4247-9197-C5A557790605}.Release|ARM.ActiveCfg = Release|Any CPU
		{BE98E678-1325-4247-9197-C5A557790605}.Release|x64.ActiveCfg = Release|Any CPU
		{BE98E678-1325-4247-9197-C5A557790605}.Release|x86.ActiveCfg = Release|Any CPU
		{F60C7393-16E0-44CF-B2DC-2E2275A2B34F}.Debug|Any CPU.ActiveCfg = Debug|Any CPU
		{F60C7393-16E0-44CF-B2DC-2E2275A2B34F}.Debug|Any CPU.Build.0 = Debug|Any CPU
		{F60C7393-16E0-44CF-B2DC-2E2275A2B34F}.Debug|Any CPU.Deploy.0 = Debug|Any CPU
		{F60C7393-16E0-44CF-B2DC-2E2275A2B34F}.Debug|ARM.ActiveCfg = Debug|ARM
		{F60C7393-16E0-44CF-B2DC-2E2275A2B34F}.Debug|ARM.Build.0 = Debug|ARM
		{F60C7393-16E0-44CF-B2DC-2E2275A2B34F}.Debug|ARM.Deploy.0 = Debug|ARM
		{F60C7393-16E0-44CF-B2DC-2E2275A2B34F}.Debug|x64.ActiveCfg = Debug|x64
		{F60C7393-16E0-44CF-B2DC-2E2275A2B34F}.Debug|x64.Build.0 = Debug|x64
		{F60C7393-16E0-44CF-B2DC-2E2275A2B34F}.Debug|x64.Deploy.0 = Debug|x64
		{F60C7393-16E0-44CF-B2DC-2E2275A2B34F}.Debug|x86.ActiveCfg = Debug|x86
		{F60C7393-16E0-44CF-B2DC-2E2275A2B34F}.Debug|x86.Build.0 = Debug|x86
		{F60C7393-16E0-44CF-B2DC-2E2275A2B34F}.Debug|x86.Deploy.0 = Debug|x86
		{F60C7393-16E0-44CF-B2DC-2E2275A2B34F}.Release|Any CPU.ActiveCfg = Release|Any CPU
		{F60C7393-16E0-44CF-B2DC-2E2275A2B34F}.Release|Any CPU.Build.0 = Release|Any CPU
		{F60C7393-16E0-44CF-B2DC-2E2275A2B34F}.Release|Any CPU.Deploy.0 = Release|Any CPU
		{F60C7393-16E0-44CF-B2DC-2E2275A2B34F}.Release|ARM.ActiveCfg = Release|ARM
		{F60C7393-16E0-44CF-B2DC-2E2275A2B34F}.Release|ARM.Build.0 = Release|ARM
		{F60C7393-16E0-44CF-B2DC-2E2275A2B34F}.Release|ARM.Deploy.0 = Release|ARM
		{F60C7393-16E0-44CF-B2DC-2E2275A2B34F}.Release|x64.ActiveCfg = Release|x64
		{F60C7393-16E0-44CF-B2DC-2E2275A2B34F}.Release|x64.Build.0 = Release|x64
		{F60C7393-16E0-44CF-B2DC-2E2275A2B34F}.Release|x64.Deploy.0 = Release|x64
		{F60C7393-16E0-44CF-B2DC-2E2275A2B34F}.Release|x86.ActiveCfg = Release|x86
		{F60C7393-16E0-44CF-B2DC-2E2275A2B34F}.Release|x86.Build.0 = Release|x86
		{F60C7393-16E0-44CF-B2DC-2E2275A2B34F}.Release|x86.Deploy.0 = Release|x86
		{3D801D28-E945-423D-A1EF-9ED7E0C119D6}.Debug|Any CPU.ActiveCfg = Debug|Any CPU
		{3D801D28-E945-423D-A1EF-9ED7E0C119D6}.Debug|Any CPU.Build.0 = Debug|Any CPU
		{3D801D28-E945-423D-A1EF-9ED7E0C119D6}.Debug|ARM.ActiveCfg = Debug|Any CPU
		{3D801D28-E945-423D-A1EF-9ED7E0C119D6}.Debug|x64.ActiveCfg = Debug|Any CPU
		{3D801D28-E945-423D-A1EF-9ED7E0C119D6}.Debug|x86.ActiveCfg = Debug|Any CPU
		{3D801D28-E945-423D-A1EF-9ED7E0C119D6}.Release|Any CPU.ActiveCfg = Release|Any CPU
		{3D801D28-E945-423D-A1EF-9ED7E0C119D6}.Release|Any CPU.Build.0 = Release|Any CPU
		{3D801D28-E945-423D-A1EF-9ED7E0C119D6}.Release|ARM.ActiveCfg = Release|Any CPU
		{3D801D28-E945-423D-A1EF-9ED7E0C119D6}.Release|x64.ActiveCfg = Release|Any CPU
		{3D801D28-E945-423D-A1EF-9ED7E0C119D6}.Release|x86.ActiveCfg = Release|Any CPU
		{D12AE3FA-1A29-4432-B919-C030C1A9B5CD}.Debug|Any CPU.ActiveCfg = Debug|Any CPU
		{D12AE3FA-1A29-4432-B919-C030C1A9B5CD}.Debug|Any CPU.Build.0 = Debug|Any CPU
		{D12AE3FA-1A29-4432-B919-C030C1A9B5CD}.Debug|ARM.ActiveCfg = Debug|Any CPU
		{D12AE3FA-1A29-4432-B919-C030C1A9B5CD}.Debug|x64.ActiveCfg = Debug|Any CPU
		{D12AE3FA-1A29-4432-B919-C030C1A9B5CD}.Debug|x86.ActiveCfg = Debug|Any CPU
		{D12AE3FA-1A29-4432-B919-C030C1A9B5CD}.Release|Any CPU.ActiveCfg = Release|Any CPU
		{D12AE3FA-1A29-4432-B919-C030C1A9B5CD}.Release|Any CPU.Build.0 = Release|Any CPU
		{D12AE3FA-1A29-4432-B919-C030C1A9B5CD}.Release|ARM.ActiveCfg = Release|Any CPU
		{D12AE3FA-1A29-4432-B919-C030C1A9B5CD}.Release|x64.ActiveCfg = Release|Any CPU
		{D12AE3FA-1A29-4432-B919-C030C1A9B5CD}.Release|x86.ActiveCfg = Release|Any CPU
		{C979EDBF-CB59-4B8D-8D7A-A5A03849C332}.Debug|Any CPU.ActiveCfg = Debug|Any CPU
		{C979EDBF-CB59-4B8D-8D7A-A5A03849C332}.Debug|Any CPU.Build.0 = Debug|Any CPU
		{C979EDBF-CB59-4B8D-8D7A-A5A03849C332}.Debug|ARM.ActiveCfg = Debug|Any CPU
		{C979EDBF-CB59-4B8D-8D7A-A5A03849C332}.Debug|x64.ActiveCfg = Debug|Any CPU
		{C979EDBF-CB59-4B8D-8D7A-A5A03849C332}.Debug|x86.ActiveCfg = Debug|Any CPU
		{C979EDBF-CB59-4B8D-8D7A-A5A03849C332}.Release|Any CPU.ActiveCfg = Release|Any CPU
		{C979EDBF-CB59-4B8D-8D7A-A5A03849C332}.Release|Any CPU.Build.0 = Release|Any CPU
		{C979EDBF-CB59-4B8D-8D7A-A5A03849C332}.Release|ARM.ActiveCfg = Release|Any CPU
		{C979EDBF-CB59-4B8D-8D7A-A5A03849C332}.Release|x64.ActiveCfg = Release|Any CPU
		{C979EDBF-CB59-4B8D-8D7A-A5A03849C332}.Release|x86.ActiveCfg = Release|Any CPU
		{EFEB31AA-8774-42C5-8303-C2DA3EE8E9DC}.Debug|Any CPU.ActiveCfg = Debug|Any CPU
		{EFEB31AA-8774-42C5-8303-C2DA3EE8E9DC}.Debug|Any CPU.Build.0 = Debug|Any CPU
		{EFEB31AA-8774-42C5-8303-C2DA3EE8E9DC}.Debug|ARM.ActiveCfg = Debug|Any CPU
		{EFEB31AA-8774-42C5-8303-C2DA3EE8E9DC}.Debug|x64.ActiveCfg = Debug|Any CPU
		{EFEB31AA-8774-42C5-8303-C2DA3EE8E9DC}.Debug|x86.ActiveCfg = Debug|Any CPU
		{EFEB31AA-8774-42C5-8303-C2DA3EE8E9DC}.Release|Any CPU.ActiveCfg = Release|Any CPU
		{EFEB31AA-8774-42C5-8303-C2DA3EE8E9DC}.Release|Any CPU.Build.0 = Release|Any CPU
		{EFEB31AA-8774-42C5-8303-C2DA3EE8E9DC}.Release|ARM.ActiveCfg = Release|Any CPU
		{EFEB31AA-8774-42C5-8303-C2DA3EE8E9DC}.Release|x64.ActiveCfg = Release|Any CPU
		{EFEB31AA-8774-42C5-8303-C2DA3EE8E9DC}.Release|x86.ActiveCfg = Release|Any CPU
		{8CF3D033-591F-4CC4-A005-6E62188E609C}.Debug|Any CPU.ActiveCfg = Debug|Any CPU
		{8CF3D033-591F-4CC4-A005-6E62188E609C}.Debug|Any CPU.Build.0 = Debug|Any CPU
		{8CF3D033-591F-4CC4-A005-6E62188E609C}.Debug|ARM.ActiveCfg = Debug|Any CPU
		{8CF3D033-591F-4CC4-A005-6E62188E609C}.Debug|x64.ActiveCfg = Debug|Any CPU
		{8CF3D033-591F-4CC4-A005-6E62188E609C}.Debug|x86.ActiveCfg = Debug|Any CPU
		{8CF3D033-591F-4CC4-A005-6E62188E609C}.Release|Any CPU.ActiveCfg = Release|Any CPU
		{8CF3D033-591F-4CC4-A005-6E62188E609C}.Release|Any CPU.Build.0 = Release|Any CPU
		{8CF3D033-591F-4CC4-A005-6E62188E609C}.Release|ARM.ActiveCfg = Release|Any CPU
		{8CF3D033-591F-4CC4-A005-6E62188E609C}.Release|x64.ActiveCfg = Release|Any CPU
		{8CF3D033-591F-4CC4-A005-6E62188E609C}.Release|x86.ActiveCfg = Release|Any CPU
		{88700523-984B-4F38-9B7B-F13DC8060DCE}.Debug|Any CPU.ActiveCfg = Debug|Any CPU
		{88700523-984B-4F38-9B7B-F13DC8060DCE}.Debug|Any CPU.Build.0 = Debug|Any CPU
		{88700523-984B-4F38-9B7B-F13DC8060DCE}.Debug|ARM.ActiveCfg = Debug|Any CPU
		{88700523-984B-4F38-9B7B-F13DC8060DCE}.Debug|x64.ActiveCfg = Debug|Any CPU
		{88700523-984B-4F38-9B7B-F13DC8060DCE}.Debug|x86.ActiveCfg = Debug|Any CPU
		{88700523-984B-4F38-9B7B-F13DC8060DCE}.Release|Any CPU.ActiveCfg = Release|Any CPU
		{88700523-984B-4F38-9B7B-F13DC8060DCE}.Release|Any CPU.Build.0 = Release|Any CPU
		{88700523-984B-4F38-9B7B-F13DC8060DCE}.Release|ARM.ActiveCfg = Release|Any CPU
		{88700523-984B-4F38-9B7B-F13DC8060DCE}.Release|x64.ActiveCfg = Release|Any CPU
		{88700523-984B-4F38-9B7B-F13DC8060DCE}.Release|x86.ActiveCfg = Release|Any CPU
		{6FEDC3A5-D0FA-4659-AB1D-A0FB58561152}.Debug|Any CPU.ActiveCfg = Debug|Any CPU
		{6FEDC3A5-D0FA-4659-AB1D-A0FB58561152}.Debug|Any CPU.Build.0 = Debug|Any CPU
		{6FEDC3A5-D0FA-4659-AB1D-A0FB58561152}.Debug|ARM.ActiveCfg = Debug|Any CPU
		{6FEDC3A5-D0FA-4659-AB1D-A0FB58561152}.Debug|x64.ActiveCfg = Debug|Any CPU
		{6FEDC3A5-D0FA-4659-AB1D-A0FB58561152}.Debug|x86.ActiveCfg = Debug|Any CPU
		{6FEDC3A5-D0FA-4659-AB1D-A0FB58561152}.Release|Any CPU.ActiveCfg = Release|Any CPU
		{6FEDC3A5-D0FA-4659-AB1D-A0FB58561152}.Release|Any CPU.Build.0 = Release|Any CPU
		{6FEDC3A5-D0FA-4659-AB1D-A0FB58561152}.Release|ARM.ActiveCfg = Release|Any CPU
		{6FEDC3A5-D0FA-4659-AB1D-A0FB58561152}.Release|x64.ActiveCfg = Release|Any CPU
		{6FEDC3A5-D0FA-4659-AB1D-A0FB58561152}.Release|x86.ActiveCfg = Release|Any CPU
	EndGlobalSection
	GlobalSection(SolutionProperties) = preSolution
		HideSolutionNode = FALSE
	EndGlobalSection
EndGlobal
